
Microsoft Visual Studio Solution File, Format Version 12.00
# Visual Studio Version 17
VisualStudioVersion = 17.2.32630.192
MinimumVisualStudioVersion = 10.0.40219.1
Project("{FAE04EC0-301F-11D3-BF4B-00C04F79EFBC}") = "apiForPdfToPng", "apiForPdfToPng\apiForPdfToPng.csproj", "{CBB6943D-8FA7-4A4C-A19C-63B97216CD50}"
EndProject
Global
	GlobalSection(SolutionConfigurationPlatforms) = preSolution
		Debug|Any CPU = Debug|Any CPU
		Release|Any CPU = Release|Any CPU
	EndGlobalSection
	GlobalSection(ProjectConfigurationPlatforms) = postSolution
		{CBB6943D-8FA7-4A4C-A19C-63B97216CD50}.Debug|Any CPU.ActiveCfg = Debug|Any CPU
		{CBB6943D-8FA7-4A4C-A19C-63B97216CD50}.Debug|Any CPU.Build.0 = Debug|Any CPU
		{CBB6943D-8FA7-4A4C-A19C-63B97216CD50}.Release|Any CPU.ActiveCfg = Release|Any CPU
		{CBB6943D-8FA7-4A4C-A19C-63B97216CD50}.Release|Any CPU.Build.0 = Release|Any CPU
	EndGlobalSection
	GlobalSection(SolutionProperties) = preSolution
		HideSolutionNode = FALSE
	EndGlobalSection
	GlobalSection(ExtensibilityGlobals) = postSolution
		SolutionGuid = {B4434CC6-A6F0-43E6-B114-CDE3C02773F6}
	EndGlobalSection
EndGlobal
